
Microsoft Visual Studio Solution File, Format Version 12.00
# Visual Studio Version 16
VisualStudioVersion = 16.0.28803.352
MinimumVisualStudioVersion = 10.0.40219.1
Project("{9A19103F-16F7-4668-BE54-9A1E7A4F7556}") = "Models", "Libraries\Models\Models.csproj", "{3CCE9023-B85D-4450-83D6-3D652007900A}"
EndProject
Project("{9A19103F-16F7-4668-BE54-9A1E7A4F7556}") = "Logging", "Libraries\Logging\Logging.csproj", "{691EF706-60F9-4092-A0B9-529DE966443C}"
EndProject
Project("{9A19103F-16F7-4668-BE54-9A1E7A4F7556}") = "IOHelperClasses", "Libraries\IOHelperClasses\IOHelperClasses.csproj", "{30383659-A566-4FF3-94EE-C53B9DF64FEC}"
EndProject
Project("{9A19103F-16F7-4668-BE54-9A1E7A4F7556}") = "InputProcessing", "Libraries\InputProcessing\InputProcessing.csproj", "{5228B7AB-6AD0-4988-BF96-2B1A1CCC9AE7}"
EndProject
Project("{9A19103F-16F7-4668-BE54-9A1E7A4F7556}") = "OutputProcessing", "Libraries\OutputProcessing\OutputProcessing.csproj", "{6D9824D8-3429-4B40-B999-4B690437677A}"
EndProject
Project("{9A19103F-16F7-4668-BE54-9A1E7A4F7556}") = "Crawlers", "Libraries\Crawlers\Crawlers.csproj", "{5CC51BCE-A503-4614-BDDB-5A66C177D41D}"
EndProject
Project("{9A19103F-16F7-4668-BE54-9A1E7A4F7556}") = "Appraisers", "Libraries\Appraisers\Appraisers.csproj", "{A3E7BDF8-B64E-4435-8CE3-471B8CAA6F6C}"
EndProject
Project("{9A19103F-16F7-4668-BE54-9A1E7A4F7556}") = "Core", "Libraries\Core\Core.csproj", "{CC0EF513-E29D-4CB0-A2BA-767BAD540EC5}"
EndProject
Project("{9A19103F-16F7-4668-BE54-9A1E7A4F7556}") = "Communication", "Libraries\Communication\Communication.csproj", "{CCFB8CA9-6597-413D-9E04-1FAA5AF4F24B}"
EndProject
Project("{9A19103F-16F7-4668-BE54-9A1E7A4F7556}") = "CommonHelperClasses", "Libraries\CommonHelperClasses\CommonHelperClasses.csproj", "{6E425CF6-A8A7-49A2-A679-6D97E8A0F1B9}"
EndProject
Project("{9A19103F-16F7-4668-BE54-9A1E7A4F7556}") = "ConsoleApp", "Applications\ConsoleApp\ConsoleApp.csproj", "{8EFB34C0-FEA9-483C-8D5C-62E92E37CDF1}"
EndProject
Project("{FAE04EC0-301F-11D3-BF4B-00C04F79EFBC}") = "DesktopApp", "Applications\DesktopApp\DesktopApp.csproj", "{2572EE5A-863F-4C5D-9855-85A400920D34}"
EndProject
Project("{9A19103F-16F7-4668-BE54-9A1E7A4F7556}") = "FuzzyLogicSystem", "Libraries\FuzzyLogicSystem\FuzzyLogicSystem.csproj", "{7FD4C01A-B0C8-48A9-80BB-628089DBDAF1}"
EndProject
Project("{9A19103F-16F7-4668-BE54-9A1E7A4F7556}") = "DAL", "Libraries\DAL\DAL.csproj", "{B361A854-721F-4062-A6B8-C07950835D8E}"
EndProject
Project("{2150E333-8FDC-42A3-9474-1A3956D46DE8}") = "WebServices", "WebServices", "{178A5A26-091E-4A8D-A385-171C3644A7D4}"
EndProject
Project("{9A19103F-16F7-4668-BE54-9A1E7A4F7556}") = "CommunicationWebService", "WebServices\CommunicationWebService\CommunicationWebService.csproj", "{630BF2E5-79AD-4247-A1A2-7AA85EAA5523}"
EndProject
Project("{9A19103F-16F7-4668-BE54-9A1E7A4F7556}") = "ConfigurationWebService", "WebServices\ConfigurationWebService\ConfigurationWebService.csproj", "{02F143A6-8BA2-4F1E-8F91-55C0B3942A8C}"
EndProject
Project("{9A19103F-16F7-4668-BE54-9A1E7A4F7556}") = "ProcessingWebService", "WebServices\ProcessingWebService\ProcessingWebService.csproj", "{EEF0F77E-2054-4033-BB78-D30FED7E45C0}"
EndProject
Project("{2150E333-8FDC-42A3-9474-1A3956D46DE8}") = "Applications", "Applications", "{A7284513-CE2B-43D7-833E-99752D705D26}"
EndProject
Project("{2150E333-8FDC-42A3-9474-1A3956D46DE8}") = "Libraries", "Libraries", "{A3BD6BDE-F139-4D02-93C8-F006CF96016D}"
EndProject
Project("{9A19103F-16F7-4668-BE54-9A1E7A4F7556}") = "TelegramBotWebService", "WebServices\TelegramBotWebService\TelegramBotWebService.csproj", "{A3D3F035-6372-422B-8066-769D9251982A}"
EndProject
Project("{9A19103F-16F7-4668-BE54-9A1E7A4F7556}") = "TmdbService", "Libraries\ExternalServices\TmdbService\TmdbService.csproj", "{1C03E557-5126-406D-BEA2-4BDC1CCFEEFB}"
EndProject
Project("{2150E333-8FDC-42A3-9474-1A3956D46DE8}") = "ExternalServices", "ExternalServices", "{C4DBA83C-3341-48BF-9F8C-4F05EC08EDB3}"
EndProject
Project("{9A19103F-16F7-4668-BE54-9A1E7A4F7556}") = "SteamService", "Libraries\ExternalServices\SteamService\SteamService.csproj", "{8B98DC38-8965-4935-A7EE-0D30EC0F2BF2}"
EndProject
Project("{9A19103F-16F7-4668-BE54-9A1E7A4F7556}") = "OmdbService", "Libraries\ExternalServices\OmdbService\OmdbService.csproj", "{614B4A3C-85D5-4CFD-A4AA-B89BFE214098}"
EndProject
Global
	GlobalSection(SolutionConfigurationPlatforms) = preSolution
		Debug|x64 = Debug|x64
		Release|x64 = Release|x64
	EndGlobalSection
	GlobalSection(ProjectConfigurationPlatforms) = postSolution
		{3CCE9023-B85D-4450-83D6-3D652007900A}.Debug|x64.ActiveCfg = Debug|x64
		{3CCE9023-B85D-4450-83D6-3D652007900A}.Debug|x64.Build.0 = Debug|x64
		{3CCE9023-B85D-4450-83D6-3D652007900A}.Release|x64.ActiveCfg = Release|x64
		{3CCE9023-B85D-4450-83D6-3D652007900A}.Release|x64.Build.0 = Release|x64
		{691EF706-60F9-4092-A0B9-529DE966443C}.Debug|x64.ActiveCfg = Debug|x64
		{691EF706-60F9-4092-A0B9-529DE966443C}.Debug|x64.Build.0 = Debug|x64
		{691EF706-60F9-4092-A0B9-529DE966443C}.Release|x64.ActiveCfg = Release|x64
		{691EF706-60F9-4092-A0B9-529DE966443C}.Release|x64.Build.0 = Release|x64
		{30383659-A566-4FF3-94EE-C53B9DF64FEC}.Debug|x64.ActiveCfg = Debug|x64
		{30383659-A566-4FF3-94EE-C53B9DF64FEC}.Debug|x64.Build.0 = Debug|x64
		{30383659-A566-4FF3-94EE-C53B9DF64FEC}.Release|x64.ActiveCfg = Release|x64
		{30383659-A566-4FF3-94EE-C53B9DF64FEC}.Release|x64.Build.0 = Release|x64
		{5228B7AB-6AD0-4988-BF96-2B1A1CCC9AE7}.Debug|x64.ActiveCfg = Debug|x64
		{5228B7AB-6AD0-4988-BF96-2B1A1CCC9AE7}.Debug|x64.Build.0 = Debug|x64
		{5228B7AB-6AD0-4988-BF96-2B1A1CCC9AE7}.Release|x64.ActiveCfg = Release|x64
		{5228B7AB-6AD0-4988-BF96-2B1A1CCC9AE7}.Release|x64.Build.0 = Release|x64
		{6D9824D8-3429-4B40-B999-4B690437677A}.Debug|x64.ActiveCfg = Debug|x64
		{6D9824D8-3429-4B40-B999-4B690437677A}.Debug|x64.Build.0 = Debug|x64
		{6D9824D8-3429-4B40-B999-4B690437677A}.Release|x64.ActiveCfg = Release|x64
		{6D9824D8-3429-4B40-B999-4B690437677A}.Release|x64.Build.0 = Release|x64
		{5CC51BCE-A503-4614-BDDB-5A66C177D41D}.Debug|x64.ActiveCfg = Debug|x64
		{5CC51BCE-A503-4614-BDDB-5A66C177D41D}.Debug|x64.Build.0 = Debug|x64
		{5CC51BCE-A503-4614-BDDB-5A66C177D41D}.Release|x64.ActiveCfg = Release|x64
		{5CC51BCE-A503-4614-BDDB-5A66C177D41D}.Release|x64.Build.0 = Release|x64
		{A3E7BDF8-B64E-4435-8CE3-471B8CAA6F6C}.Debug|x64.ActiveCfg = Debug|x64
		{A3E7BDF8-B64E-4435-8CE3-471B8CAA6F6C}.Debug|x64.Build.0 = Debug|x64
		{A3E7BDF8-B64E-4435-8CE3-471B8CAA6F6C}.Release|x64.ActiveCfg = Release|x64
		{A3E7BDF8-B64E-4435-8CE3-471B8CAA6F6C}.Release|x64.Build.0 = Release|x64
		{CC0EF513-E29D-4CB0-A2BA-767BAD540EC5}.Debug|x64.ActiveCfg = Debug|x64
		{CC0EF513-E29D-4CB0-A2BA-767BAD540EC5}.Debug|x64.Build.0 = Debug|x64
		{CC0EF513-E29D-4CB0-A2BA-767BAD540EC5}.Release|x64.ActiveCfg = Release|x64
		{CC0EF513-E29D-4CB0-A2BA-767BAD540EC5}.Release|x64.Build.0 = Release|x64
		{CCFB8CA9-6597-413D-9E04-1FAA5AF4F24B}.Debug|x64.ActiveCfg = Debug|x64
		{CCFB8CA9-6597-413D-9E04-1FAA5AF4F24B}.Debug|x64.Build.0 = Debug|x64
		{CCFB8CA9-6597-413D-9E04-1FAA5AF4F24B}.Release|x64.ActiveCfg = Release|x64
		{CCFB8CA9-6597-413D-9E04-1FAA5AF4F24B}.Release|x64.Build.0 = Release|x64
		{6E425CF6-A8A7-49A2-A679-6D97E8A0F1B9}.Debug|x64.ActiveCfg = Debug|x64
		{6E425CF6-A8A7-49A2-A679-6D97E8A0F1B9}.Debug|x64.Build.0 = Debug|x64
		{6E425CF6-A8A7-49A2-A679-6D97E8A0F1B9}.Release|x64.ActiveCfg = Release|x64
		{6E425CF6-A8A7-49A2-A679-6D97E8A0F1B9}.Release|x64.Build.0 = Release|x64
		{8EFB34C0-FEA9-483C-8D5C-62E92E37CDF1}.Debug|x64.ActiveCfg = Debug|x64
		{8EFB34C0-FEA9-483C-8D5C-62E92E37CDF1}.Debug|x64.Build.0 = Debug|x64
		{8EFB34C0-FEA9-483C-8D5C-62E92E37CDF1}.Release|x64.ActiveCfg = Release|x64
		{8EFB34C0-FEA9-483C-8D5C-62E92E37CDF1}.Release|x64.Build.0 = Release|x64
		{2572EE5A-863F-4C5D-9855-85A400920D34}.Debug|x64.ActiveCfg = Debug|x64
		{2572EE5A-863F-4C5D-9855-85A400920D34}.Debug|x64.Build.0 = Debug|x64
		{2572EE5A-863F-4C5D-9855-85A400920D34}.Release|x64.ActiveCfg = Release|x64
		{2572EE5A-863F-4C5D-9855-85A400920D34}.Release|x64.Build.0 = Release|x64
		{7FD4C01A-B0C8-48A9-80BB-628089DBDAF1}.Debug|x64.ActiveCfg = Debug|x64
		{7FD4C01A-B0C8-48A9-80BB-628089DBDAF1}.Debug|x64.Build.0 = Debug|x64
		{7FD4C01A-B0C8-48A9-80BB-628089DBDAF1}.Release|x64.ActiveCfg = Release|x64
		{7FD4C01A-B0C8-48A9-80BB-628089DBDAF1}.Release|x64.Build.0 = Release|x64
		{B361A854-721F-4062-A6B8-C07950835D8E}.Debug|x64.ActiveCfg = Debug|x64
		{B361A854-721F-4062-A6B8-C07950835D8E}.Debug|x64.Build.0 = Debug|x64
		{B361A854-721F-4062-A6B8-C07950835D8E}.Release|x64.ActiveCfg = Release|x64
		{B361A854-721F-4062-A6B8-C07950835D8E}.Release|x64.Build.0 = Release|x64
		{630BF2E5-79AD-4247-A1A2-7AA85EAA5523}.Debug|x64.ActiveCfg = Debug|x64
		{630BF2E5-79AD-4247-A1A2-7AA85EAA5523}.Debug|x64.Build.0 = Debug|x64
		{630BF2E5-79AD-4247-A1A2-7AA85EAA5523}.Release|x64.ActiveCfg = Release|x64
		{630BF2E5-79AD-4247-A1A2-7AA85EAA5523}.Release|x64.Build.0 = Release|x64
		{02F143A6-8BA2-4F1E-8F91-55C0B3942A8C}.Debug|x64.ActiveCfg = Debug|x64
		{02F143A6-8BA2-4F1E-8F91-55C0B3942A8C}.Debug|x64.Build.0 = Debug|x64
		{02F143A6-8BA2-4F1E-8F91-55C0B3942A8C}.Release|x64.ActiveCfg = Release|x64
		{02F143A6-8BA2-4F1E-8F91-55C0B3942A8C}.Release|x64.Build.0 = Release|x64
		{EEF0F77E-2054-4033-BB78-D30FED7E45C0}.Debug|x64.ActiveCfg = Debug|x64
		{EEF0F77E-2054-4033-BB78-D30FED7E45C0}.Debug|x64.Build.0 = Debug|x64
		{EEF0F77E-2054-4033-BB78-D30FED7E45C0}.Release|x64.ActiveCfg = Release|x64
		{EEF0F77E-2054-4033-BB78-D30FED7E45C0}.Release|x64.Build.0 = Release|x64
		{A3D3F035-6372-422B-8066-769D9251982A}.Debug|x64.ActiveCfg = Debug|x64
		{A3D3F035-6372-422B-8066-769D9251982A}.Debug|x64.Build.0 = Debug|x64
		{A3D3F035-6372-422B-8066-769D9251982A}.Release|x64.ActiveCfg = Release|x64
		{A3D3F035-6372-422B-8066-769D9251982A}.Release|x64.Build.0 = Release|x64
		{1C03E557-5126-406D-BEA2-4BDC1CCFEEFB}.Debug|x64.ActiveCfg = Debug|x64
		{1C03E557-5126-406D-BEA2-4BDC1CCFEEFB}.Debug|x64.Build.0 = Debug|x64
		{1C03E557-5126-406D-BEA2-4BDC1CCFEEFB}.Release|x64.ActiveCfg = Release|x64
		{1C03E557-5126-406D-BEA2-4BDC1CCFEEFB}.Release|x64.Build.0 = Release|x64
		{8B98DC38-8965-4935-A7EE-0D30EC0F2BF2}.Debug|x64.ActiveCfg = Debug|x64
		{8B98DC38-8965-4935-A7EE-0D30EC0F2BF2}.Debug|x64.Build.0 = Debug|x64
		{8B98DC38-8965-4935-A7EE-0D30EC0F2BF2}.Release|x64.ActiveCfg = Release|x64
		{8B98DC38-8965-4935-A7EE-0D30EC0F2BF2}.Release|x64.Build.0 = Release|x64
		{614B4A3C-85D5-4CFD-A4AA-B89BFE214098}.Debug|x64.ActiveCfg = Debug|x64
		{614B4A3C-85D5-4CFD-A4AA-B89BFE214098}.Debug|x64.Build.0 = Debug|x64
		{614B4A3C-85D5-4CFD-A4AA-B89BFE214098}.Release|x64.ActiveCfg = Release|x64
		{614B4A3C-85D5-4CFD-A4AA-B89BFE214098}.Release|x64.Build.0 = Release|x64
	EndGlobalSection
	GlobalSection(SolutionProperties) = preSolution
		HideSolutionNode = FALSE
	EndGlobalSection
	GlobalSection(NestedProjects) = preSolution
		{3CCE9023-B85D-4450-83D6-3D652007900A} = {A3BD6BDE-F139-4D02-93C8-F006CF96016D}
		{691EF706-60F9-4092-A0B9-529DE966443C} = {A3BD6BDE-F139-4D02-93C8-F006CF96016D}
		{30383659-A566-4FF3-94EE-C53B9DF64FEC} = {A3BD6BDE-F139-4D02-93C8-F006CF96016D}
		{5228B7AB-6AD0-4988-BF96-2B1A1CCC9AE7} = {A3BD6BDE-F139-4D02-93C8-F006CF96016D}
		{6D9824D8-3429-4B40-B999-4B690437677A} = {A3BD6BDE-F139-4D02-93C8-F006CF96016D}
		{5CC51BCE-A503-4614-BDDB-5A66C177D41D} = {A3BD6BDE-F139-4D02-93C8-F006CF96016D}
		{A3E7BDF8-B64E-4435-8CE3-471B8CAA6F6C} = {A3BD6BDE-F139-4D02-93C8-F006CF96016D}
		{CC0EF513-E29D-4CB0-A2BA-767BAD540EC5} = {A3BD6BDE-F139-4D02-93C8-F006CF96016D}
		{CCFB8CA9-6597-413D-9E04-1FAA5AF4F24B} = {A3BD6BDE-F139-4D02-93C8-F006CF96016D}
		{6E425CF6-A8A7-49A2-A679-6D97E8A0F1B9} = {A3BD6BDE-F139-4D02-93C8-F006CF96016D}
		{8EFB34C0-FEA9-483C-8D5C-62E92E37CDF1} = {A7284513-CE2B-43D7-833E-99752D705D26}
		{2572EE5A-863F-4C5D-9855-85A400920D34} = {A7284513-CE2B-43D7-833E-99752D705D26}
		{7FD4C01A-B0C8-48A9-80BB-628089DBDAF1} = {A3BD6BDE-F139-4D02-93C8-F006CF96016D}
		{B361A854-721F-4062-A6B8-C07950835D8E} = {A3BD6BDE-F139-4D02-93C8-F006CF96016D}
		{630BF2E5-79AD-4247-A1A2-7AA85EAA5523} = {178A5A26-091E-4A8D-A385-171C3644A7D4}
		{02F143A6-8BA2-4F1E-8F91-55C0B3942A8C} = {178A5A26-091E-4A8D-A385-171C3644A7D4}
		{EEF0F77E-2054-4033-BB78-D30FED7E45C0} = {178A5A26-091E-4A8D-A385-171C3644A7D4}
		{A3D3F035-6372-422B-8066-769D9251982A} = {178A5A26-091E-4A8D-A385-171C3644A7D4}
		{1C03E557-5126-406D-BEA2-4BDC1CCFEEFB} = {C4DBA83C-3341-48BF-9F8C-4F05EC08EDB3}
		{C4DBA83C-3341-48BF-9F8C-4F05EC08EDB3} = {A3BD6BDE-F139-4D02-93C8-F006CF96016D}
		{8B98DC38-8965-4935-A7EE-0D30EC0F2BF2} = {C4DBA83C-3341-48BF-9F8C-4F05EC08EDB3}
		{614B4A3C-85D5-4CFD-A4AA-B89BFE214098} = {C4DBA83C-3341-48BF-9F8C-4F05EC08EDB3}
	EndGlobalSection
	GlobalSection(ExtensibilityGlobals) = postSolution
		SolutionGuid = {53974B8E-8C6D-4149-9607-75A81B754F9D}
	EndGlobalSection
EndGlobal
