
Microsoft Visual Studio Solution File, Format Version 12.00
# ProjectV.Desktop.sln - Windows-only mirror of ProjectV.sln plus ProjectV.DesktopApp (WPF). Per D-01.
# Visual Studio Version 17
VisualStudioVersion = 17.0.31903.59
MinimumVisualStudioVersion = 10.0.40219.1
Project("{2150E333-8FDC-42A3-9474-1A3956D46DE8}") = "Libraries", "Libraries", "{9AA040B7-10D7-4E6B-9B49-DA0869523EA0}"
EndProject
Project("{FAE04EC0-301F-11D3-BF4B-00C04F79EFBC}") = "ProjectV.Models", "Libraries\ProjectV.Models\ProjectV.Models.csproj", "{E0B9B624-4B93-4019-9CD5-9E7490395877}"
EndProject
Project("{FAE04EC0-301F-11D3-BF4B-00C04F79EFBC}") = "ProjectV.Logging", "Libraries\ProjectV.Logging\ProjectV.Logging.csproj", "{A8CD0F12-27DF-4B8D-BD81-BABAA417967E}"
EndProject
Project("{FAE04EC0-301F-11D3-BF4B-00C04F79EFBC}") = "ProjectV.IOHelperClasses", "Libraries\ProjectV.IOHelperClasses\ProjectV.IOHelperClasses.csproj", "{BDD3F2CE-E047-4405-BB3C-311D3339ECCD}"
EndProject
Project("{FAE04EC0-301F-11D3-BF4B-00C04F79EFBC}") = "ProjectV.InputProcessing", "Libraries\ProjectV.InputProcessing\ProjectV.InputProcessing.csproj", "{E0151314-59F0-44DF-AC9A-0BCD4F39E927}"
EndProject
Project("{FAE04EC0-301F-11D3-BF4B-00C04F79EFBC}") = "ProjectV.OutputProcessing", "Libraries\ProjectV.OutputProcessing\ProjectV.OutputProcessing.csproj", "{F7EA181F-C665-4CCB-8E67-EAB562EAE890}"
EndProject
Project("{FAE04EC0-301F-11D3-BF4B-00C04F79EFBC}") = "ProjectV.Crawlers", "Libraries\ProjectV.Crawlers\ProjectV.Crawlers.csproj", "{95E0C342-AD24-4236-BCB5-2C0353A29569}"
EndProject
Project("{FAE04EC0-301F-11D3-BF4B-00C04F79EFBC}") = "ProjectV.Appraisers", "Libraries\ProjectV.Appraisers\ProjectV.Appraisers.csproj", "{15EB3430-45CC-477F-81D0-C879F8D34CC4}"
EndProject
Project("{FAE04EC0-301F-11D3-BF4B-00C04F79EFBC}") = "ProjectV.Core", "Libraries\ProjectV.Core\ProjectV.Core.csproj", "{C896F688-70B8-4BC2-AFA3-B3A89BE2A9DC}"
EndProject
Project("{FAE04EC0-301F-11D3-BF4B-00C04F79EFBC}") = "ProjectV.Communication", "Libraries\ProjectV.Communication\ProjectV.Communication.csproj", "{97D8B80E-388B-4C29-A3BF-206C606740FC}"
EndProject
Project("{FAE04EC0-301F-11D3-BF4B-00C04F79EFBC}") = "ProjectV.CommonCSharp", "Libraries\ProjectV.CommonCSharp\ProjectV.CommonCSharp.csproj", "{CFC039BE-BF25-458B-84E3-696917E04C09}"
EndProject
Project("{2150E333-8FDC-42A3-9474-1A3956D46DE8}") = "Applications", "Applications", "{67ACD428-8A28-49C0-A687-4EDF5E519A68}"
EndProject
Project("{FAE04EC0-301F-11D3-BF4B-00C04F79EFBC}") = "ProjectV.ConsoleApp", "Applications\ProjectV.ConsoleApp\ProjectV.ConsoleApp.csproj", "{1477C420-F8DD-4625-9D2A-26C231B12D95}"
EndProject
Project("{FAE04EC0-301F-11D3-BF4B-00C04F79EFBC}") = "ProjectV.DataAccessLayer", "Libraries\ProjectV.DataAccessLayer\ProjectV.DataAccessLayer.csproj", "{6A9F7B34-B943-40E6-BC2F-C284B62269D2}"
EndProject
Project("{2150E333-8FDC-42A3-9474-1A3956D46DE8}") = "WebServices", "WebServices", "{EF195C3D-31AB-4183-828D-860595BFAD25}"
EndProject
Project("{FAE04EC0-301F-11D3-BF4B-00C04F79EFBC}") = "ProjectV.CommunicationWebService", "WebServices\ProjectV.CommunicationWebService\ProjectV.CommunicationWebService.csproj", "{922BF378-B653-4D44-AAC0-BA3DC2C2CA62}"
EndProject
Project("{FAE04EC0-301F-11D3-BF4B-00C04F79EFBC}") = "ProjectV.ConfigurationWebService", "WebServices\ProjectV.ConfigurationWebService\ProjectV.ConfigurationWebService.csproj", "{C3DC87F8-A92C-429E-9C01-75601E87CE58}"
EndProject
Project("{FAE04EC0-301F-11D3-BF4B-00C04F79EFBC}") = "ProjectV.ProcessingWebService", "WebServices\ProjectV.ProcessingWebService\ProjectV.ProcessingWebService.csproj", "{6B5CC22B-2D03-44AB-98EE-0B91FEBA6E1D}"
EndProject
Project("{FAE04EC0-301F-11D3-BF4B-00C04F79EFBC}") = "ProjectV.TelegramBotWebService", "WebServices\ProjectV.TelegramBotWebService\ProjectV.TelegramBotWebService.csproj", "{07EE5152-059B-459C-B0BB-6449211BF8BF}"
EndProject
Project("{2150E333-8FDC-42A3-9474-1A3956D46DE8}") = "ExternalServices", "ExternalServices", "{49FA2A9B-6089-4980-80FB-7E1DB9B12868}"
EndProject
Project("{FAE04EC0-301F-11D3-BF4B-00C04F79EFBC}") = "ProjectV.TmdbService", "Libraries\ExternalServices\ProjectV.TmdbService\ProjectV.TmdbService.csproj", "{4FA25BCE-89B7-4913-A447-2040DC28B88A}"
EndProject
Project("{FAE04EC0-301F-11D3-BF4B-00C04F79EFBC}") = "ProjectV.SteamService", "Libraries\ExternalServices\ProjectV.SteamService\ProjectV.SteamService.csproj", "{CD830937-8072-4077-B081-1B9622079060}"
EndProject
Project("{FAE04EC0-301F-11D3-BF4B-00C04F79EFBC}") = "ProjectV.OmdbService", "Libraries\ExternalServices\ProjectV.OmdbService\ProjectV.OmdbService.csproj", "{95493F69-7ABF-4691-B5DF-7C4FC3289FF0}"
EndProject
Project("{2150E333-8FDC-42A3-9474-1A3956D46DE8}") = "Tests", "Tests", "{90FCF6D8-7363-4151-B871-361B216CEF05}"
EndProject
Project("{FAE04EC0-301F-11D3-BF4B-00C04F79EFBC}") = "ProjectV.Common.Tests", "Tests\ProjectV.Common.Tests\ProjectV.Common.Tests.csproj", "{D46103A5-E86D-42F8-AC5E-6D6B549D82F2}"
EndProject
Project("{FAE04EC0-301F-11D3-BF4B-00C04F79EFBC}") = "ProjectV.Building", "Libraries\ProjectV.Building\ProjectV.Building.csproj", "{2C3E23AB-01DA-4D14-9D2B-9024B756F592}"
EndProject
Project("{FAE04EC0-301F-11D3-BF4B-00C04F79EFBC}") = "ProjectV.Configuration", "Libraries\ProjectV.Configuration\ProjectV.Configuration.csproj", "{FBBD320D-95B6-4552-AB4F-3FCF533B6D66}"
EndProject
Project("{FAE04EC0-301F-11D3-BF4B-00C04F79EFBC}") = "ProjectV.Executors", "Libraries\ProjectV.Executors\ProjectV.Executors.csproj", "{5C0DA144-C768-420B-B53D-C02B9185A96C}"
EndProject
Project("{FAE04EC0-301F-11D3-BF4B-00C04F79EFBC}") = "ProjectV.Appraisers.Tests", "Tests\ProjectV.Appraisers.Tests\ProjectV.Appraisers.Tests.csproj", "{042BC9FC-5237-4C89-8EED-54CE9592C6E2}"
EndProject
Project("{F2A71F9B-5D33-465A-A702-920D77279786}") = "ProjectV.ContentDirectories", "Libraries\ProjectV.ContentDirectories\ProjectV.ContentDirectories.fsproj", "{912A1F90-C466-4431-924D-9B3DEDA1F66D}"
EndProject
Project("{F2A71F9B-5D33-465A-A702-920D77279786}") = "ProjectV.ContentDirectories.Tests", "Tests\ProjectV.ContentDirectories.Tests\ProjectV.ContentDirectories.Tests.fsproj", "{092EEB7C-A3CC-4A9A-8A79-F2F1150D77AB}"
EndProject
Project("{F2A71F9B-5D33-465A-A702-920D77279786}") = "ProjectV.CommonFSharp", "Libraries\ProjectV.CommonFSharp\ProjectV.CommonFSharp.fsproj", "{C21B1913-BF54-4D05-AE6B-817FA1A9FC07}"
EndProject
Project("{FAE04EC0-301F-11D3-BF4B-00C04F79EFBC}") = "ProjectV.DataPipeline", "Libraries\ProjectV.DataPipeline\ProjectV.DataPipeline.csproj", "{0ED557C6-8E88-452F-B217-50A2D9512953}"
EndProject
Project("{F2A71F9B-5D33-465A-A702-920D77279786}") = "ProjectV.Activities", "Libraries\ProjectV.Activities\ProjectV.Activities.fsproj", "{38BF4DEC-77DF-4653-847C-F861432D8168}"
EndProject
Project("{FAE04EC0-301F-11D3-BF4B-00C04F79EFBC}") = "ProjectV.CommonWebApi", "WebServices\ProjectV.CommonWebApi\ProjectV.CommonWebApi.csproj", "{3E28BA97-AE3F-458C-A6AC-7622ABB0AA94}"
EndProject
Project("{9A19103F-16F7-4668-BE54-9A1E7A4F7556}") = "ProjectV.DesktopApp", "Applications\ProjectV.DesktopApp\ProjectV.DesktopApp.csproj", "{21EA00DC-FCBA-430B-9F05-7971785AA17A}"
EndProject
Global
	GlobalSection(SolutionConfigurationPlatforms) = preSolution
		Debug|x64 = Debug|x64
		Release|x64 = Release|x64
	EndGlobalSection
	GlobalSection(SolutionProperties) = preSolution
		HideSolutionNode = FALSE
	EndGlobalSection
	GlobalSection(ProjectConfigurationPlatforms) = postSolution
		{E0B9B624-4B93-4019-9CD5-9E7490395877}.Debug|x64.ActiveCfg = Debug|x64
		{E0B9B624-4B93-4019-9CD5-9E7490395877}.Debug|x64.Build.0 = Debug|x64
		{E0B9B624-4B93-4019-9CD5-9E7490395877}.Release|x64.ActiveCfg = Release|x64
		{E0B9B624-4B93-4019-9CD5-9E7490395877}.Release|x64.Build.0 = Release|x64
		{A8CD0F12-27DF-4B8D-BD81-BABAA417967E}.Debug|x64.ActiveCfg = Debug|x64
		{A8CD0F12-27DF-4B8D-BD81-BABAA417967E}.Debug|x64.Build.0 = Debug|x64
		{A8CD0F12-27DF-4B8D-BD81-BABAA417967E}.Release|x64.ActiveCfg = Release|x64
		{A8CD0F12-27DF-4B8D-BD81-BABAA417967E}.Release|x64.Build.0 = Release|x64
		{BDD3F2CE-E047-4405-BB3C-311D3339ECCD}.Debug|x64.ActiveCfg = Debug|x64
		{BDD3F2CE-E047-4405-BB3C-311D3339ECCD}.Debug|x64.Build.0 = Debug|x64
		{BDD3F2CE-E047-4405-BB3C-311D3339ECCD}.Release|x64.ActiveCfg = Release|x64
		{BDD3F2CE-E047-4405-BB3C-311D3339ECCD}.Release|x64.Build.0 = Release|x64
		{E0151314-59F0-44DF-AC9A-0BCD4F39E927}.Debug|x64.ActiveCfg = Debug|x64
		{E0151314-59F0-44DF-AC9A-0BCD4F39E927}.Debug|x64.Build.0 = Debug|x64
		{E0151314-59F0-44DF-AC9A-0BCD4F39E927}.Release|x64.ActiveCfg = Release|x64
		{E0151314-59F0-44DF-AC9A-0BCD4F39E927}.Release|x64.Build.0 = Release|x64
		{F7EA181F-C665-4CCB-8E67-EAB562EAE890}.Debug|x64.ActiveCfg = Debug|x64
		{F7EA181F-C665-4CCB-8E67-EAB562EAE890}.Debug|x64.Build.0 = Debug|x64
		{F7EA181F-C665-4CCB-8E67-EAB562EAE890}.Release|x64.ActiveCfg = Release|x64
		{F7EA181F-C665-4CCB-8E67-EAB562EAE890}.Release|x64.Build.0 = Release|x64
		{95E0C342-AD24-4236-BCB5-2C0353A29569}.Debug|x64.ActiveCfg = Debug|x64
		{95E0C342-AD24-4236-BCB5-2C0353A29569}.Debug|x64.Build.0 = Debug|x64
		{95E0C342-AD24-4236-BCB5-2C0353A29569}.Release|x64.ActiveCfg = Release|x64
		{95E0C342-AD24-4236-BCB5-2C0353A29569}.Release|x64.Build.0 = Release|x64
		{15EB3430-45CC-477F-81D0-C879F8D34CC4}.Debug|x64.ActiveCfg = Debug|x64
		{15EB3430-45CC-477F-81D0-C879F8D34CC4}.Debug|x64.Build.0 = Debug|x64
		{15EB3430-45CC-477F-81D0-C879F8D34CC4}.Release|x64.ActiveCfg = Release|x64
		{15EB3430-45CC-477F-81D0-C879F8D34CC4}.Release|x64.Build.0 = Release|x64
		{C896F688-70B8-4BC2-AFA3-B3A89BE2A9DC}.Debug|x64.ActiveCfg = Debug|x64
		{C896F688-70B8-4BC2-AFA3-B3A89BE2A9DC}.Debug|x64.Build.0 = Debug|x64
		{C896F688-70B8-4BC2-AFA3-B3A89BE2A9DC}.Release|x64.ActiveCfg = Release|x64
		{C896F688-70B8-4BC2-AFA3-B3A89BE2A9DC}.Release|x64.Build.0 = Release|x64
		{97D8B80E-388B-4C29-A3BF-206C606740FC}.Debug|x64.ActiveCfg = Debug|x64
		{97D8B80E-388B-4C29-A3BF-206C606740FC}.Debug|x64.Build.0 = Debug|x64
		{97D8B80E-388B-4C29-A3BF-206C606740FC}.Release|x64.ActiveCfg = Release|x64
		{97D8B80E-388B-4C29-A3BF-206C606740FC}.Release|x64.Build.0 = Release|x64
		{CFC039BE-BF25-458B-84E3-696917E04C09}.Debug|x64.ActiveCfg = Debug|x64
		{CFC039BE-BF25-458B-84E3-696917E04C09}.Debug|x64.Build.0 = Debug|x64
		{CFC039BE-BF25-458B-84E3-696917E04C09}.Release|x64.ActiveCfg = Release|x64
		{CFC039BE-BF25-458B-84E3-696917E04C09}.Release|x64.Build.0 = Release|x64
		{1477C420-F8DD-4625-9D2A-26C231B12D95}.Debug|x64.ActiveCfg = Debug|x64
		{1477C420-F8DD-4625-9D2A-26C231B12D95}.Debug|x64.Build.0 = Debug|x64
		{1477C420-F8DD-4625-9D2A-26C231B12D95}.Release|x64.ActiveCfg = Release|x64
		{1477C420-F8DD-4625-9D2A-26C231B12D95}.Release|x64.Build.0 = Release|x64
		{6A9F7B34-B943-40E6-BC2F-C284B62269D2}.Debug|x64.ActiveCfg = Debug|x64
		{6A9F7B34-B943-40E6-BC2F-C284B62269D2}.Debug|x64.Build.0 = Debug|x64
		{6A9F7B34-B943-40E6-BC2F-C284B62269D2}.Release|x64.ActiveCfg = Release|x64
		{6A9F7B34-B943-40E6-BC2F-C284B62269D2}.Release|x64.Build.0 = Release|x64
		{922BF378-B653-4D44-AAC0-BA3DC2C2CA62}.Debug|x64.ActiveCfg = Debug|x64
		{922BF378-B653-4D44-AAC0-BA3DC2C2CA62}.Debug|x64.Build.0 = Debug|x64
		{922BF378-B653-4D44-AAC0-BA3DC2C2CA62}.Release|x64.ActiveCfg = Release|x64
		{922BF378-B653-4D44-AAC0-BA3DC2C2CA62}.Release|x64.Build.0 = Release|x64
		{C3DC87F8-A92C-429E-9C01-75601E87CE58}.Debug|x64.ActiveCfg = Debug|x64
		{C3DC87F8-A92C-429E-9C01-75601E87CE58}.Debug|x64.Build.0 = Debug|x64
		{C3DC87F8-A92C-429E-9C01-75601E87CE58}.Release|x64.ActiveCfg = Release|x64
		{C3DC87F8-A92C-429E-9C01-75601E87CE58}.Release|x64.Build.0 = Release|x64
		{6B5CC22B-2D03-44AB-98EE-0B91FEBA6E1D}.Debug|x64.ActiveCfg = Debug|x64
		{6B5CC22B-2D03-44AB-98EE-0B91FEBA6E1D}.Debug|x64.Build.0 = Debug|x64
		{6B5CC22B-2D03-44AB-98EE-0B91FEBA6E1D}.Release|x64.ActiveCfg = Release|x64
		{6B5CC22B-2D03-44AB-98EE-0B91FEBA6E1D}.Release|x64.Build.0 = Release|x64
		{07EE5152-059B-459C-B0BB-6449211BF8BF}.Debug|x64.ActiveCfg = Debug|x64
		{07EE5152-059B-459C-B0BB-6449211BF8BF}.Debug|x64.Build.0 = Debug|x64
		{07EE5152-059B-459C-B0BB-6449211BF8BF}.Release|x64.ActiveCfg = Release|x64
		{07EE5152-059B-459C-B0BB-6449211BF8BF}.Release|x64.Build.0 = Release|x64
		{4FA25BCE-89B7-4913-A447-2040DC28B88A}.Debug|x64.ActiveCfg = Debug|x64
		{4FA25BCE-89B7-4913-A447-2040DC28B88A}.Debug|x64.Build.0 = Debug|x64
		{4FA25BCE-89B7-4913-A447-2040DC28B88A}.Release|x64.ActiveCfg = Release|x64
		{4FA25BCE-89B7-4913-A447-2040DC28B88A}.Release|x64.Build.0 = Release|x64
		{CD830937-8072-4077-B081-1B9622079060}.Debug|x64.ActiveCfg = Debug|x64
		{CD830937-8072-4077-B081-1B9622079060}.Debug|x64.Build.0 = Debug|x64
		{CD830937-8072-4077-B081-1B9622079060}.Release|x64.ActiveCfg = Release|x64
		{CD830937-8072-4077-B081-1B9622079060}.Release|x64.Build.0 = Release|x64
		{95493F69-7ABF-4691-B5DF-7C4FC3289FF0}.Debug|x64.ActiveCfg = Debug|x64
		{95493F69-7ABF-4691-B5DF-7C4FC3289FF0}.Debug|x64.Build.0 = Debug|x64
		{95493F69-7ABF-4691-B5DF-7C4FC3289FF0}.Release|x64.ActiveCfg = Release|x64
		{95493F69-7ABF-4691-B5DF-7C4FC3289FF0}.Release|x64.Build.0 = Release|x64
		{D46103A5-E86D-42F8-AC5E-6D6B549D82F2}.Debug|x64.ActiveCfg = Debug|x64
		{D46103A5-E86D-42F8-AC5E-6D6B549D82F2}.Debug|x64.Build.0 = Debug|x64
		{D46103A5-E86D-42F8-AC5E-6D6B549D82F2}.Release|x64.ActiveCfg = Release|x64
		{D46103A5-E86D-42F8-AC5E-6D6B549D82F2}.Release|x64.Build.0 = Release|x64
		{2C3E23AB-01DA-4D14-9D2B-9024B756F592}.Debug|x64.ActiveCfg = Debug|x64
		{2C3E23AB-01DA-4D14-9D2B-9024B756F592}.Debug|x64.Build.0 = Debug|x64
		{2C3E23AB-01DA-4D14-9D2B-9024B756F592}.Release|x64.ActiveCfg = Release|x64
		{2C3E23AB-01DA-4D14-9D2B-9024B756F592}.Release|x64.Build.0 = Release|x64
		{FBBD320D-95B6-4552-AB4F-3FCF533B6D66}.Debug|x64.ActiveCfg = Debug|x64
		{FBBD320D-95B6-4552-AB4F-3FCF533B6D66}.Debug|x64.Build.0 = Debug|x64
		{FBBD320D-95B6-4552-AB4F-3FCF533B6D66}.Release|x64.ActiveCfg = Release|x64
		{FBBD320D-95B6-4552-AB4F-3FCF533B6D66}.Release|x64.Build.0 = Release|x64
		{5C0DA144-C768-420B-B53D-C02B9185A96C}.Debug|x64.ActiveCfg = Debug|x64
		{5C0DA144-C768-420B-B53D-C02B9185A96C}.Debug|x64.Build.0 = Debug|x64
		{5C0DA144-C768-420B-B53D-C02B9185A96C}.Release|x64.ActiveCfg = Release|x64
		{5C0DA144-C768-420B-B53D-C02B9185A96C}.Release|x64.Build.0 = Release|x64
		{042BC9FC-5237-4C89-8EED-54CE9592C6E2}.Debug|x64.ActiveCfg = Debug|x64
		{042BC9FC-5237-4C89-8EED-54CE9592C6E2}.Debug|x64.Build.0 = Debug|x64
		{042BC9FC-5237-4C89-8EED-54CE9592C6E2}.Release|x64.ActiveCfg = Release|x64
		{042BC9FC-5237-4C89-8EED-54CE9592C6E2}.Release|x64.Build.0 = Release|x64
		{912A1F90-C466-4431-924D-9B3DEDA1F66D}.Debug|x64.ActiveCfg = Debug|x64
		{912A1F90-C466-4431-924D-9B3DEDA1F66D}.Debug|x64.Build.0 = Debug|x64
		{912A1F90-C466-4431-924D-9B3DEDA1F66D}.Release|x64.ActiveCfg = Release|x64
		{912A1F90-C466-4431-924D-9B3DEDA1F66D}.Release|x64.Build.0 = Release|x64
		{092EEB7C-A3CC-4A9A-8A79-F2F1150D77AB}.Debug|x64.ActiveCfg = Debug|x64
		{092EEB7C-A3CC-4A9A-8A79-F2F1150D77AB}.Debug|x64.Build.0 = Debug|x64
		{092EEB7C-A3CC-4A9A-8A79-F2F1150D77AB}.Release|x64.ActiveCfg = Release|x64
		{092EEB7C-A3CC-4A9A-8A79-F2F1150D77AB}.Release|x64.Build.0 = Release|x64
		{C21B1913-BF54-4D05-AE6B-817FA1A9FC07}.Debug|x64.ActiveCfg = Debug|x64
		{C21B1913-BF54-4D05-AE6B-817FA1A9FC07}.Debug|x64.Build.0 = Debug|x64
		{C21B1913-BF54-4D05-AE6B-817FA1A9FC07}.Release|x64.ActiveCfg = Release|x64
		{C21B1913-BF54-4D05-AE6B-817FA1A9FC07}.Release|x64.Build.0 = Release|x64
		{0ED557C6-8E88-452F-B217-50A2D9512953}.Debug|x64.ActiveCfg = Debug|x64
		{0ED557C6-8E88-452F-B217-50A2D9512953}.Debug|x64.Build.0 = Debug|x64
		{0ED557C6-8E88-452F-B217-50A2D9512953}.Release|x64.ActiveCfg = Release|x64
		{0ED557C6-8E88-452F-B217-50A2D9512953}.Release|x64.Build.0 = Release|x64
		{38BF4DEC-77DF-4653-847C-F861432D8168}.Debug|x64.ActiveCfg = Debug|x64
		{38BF4DEC-77DF-4653-847C-F861432D8168}.Debug|x64.Build.0 = Debug|x64
		{38BF4DEC-77DF-4653-847C-F861432D8168}.Release|x64.ActiveCfg = Release|x64
		{38BF4DEC-77DF-4653-847C-F861432D8168}.Release|x64.Build.0 = Release|x64
		{3E28BA97-AE3F-458C-A6AC-7622ABB0AA94}.Debug|x64.ActiveCfg = Debug|x64
		{3E28BA97-AE3F-458C-A6AC-7622ABB0AA94}.Debug|x64.Build.0 = Debug|x64
		{3E28BA97-AE3F-458C-A6AC-7622ABB0AA94}.Release|x64.ActiveCfg = Release|x64
		{3E28BA97-AE3F-458C-A6AC-7622ABB0AA94}.Release|x64.Build.0 = Release|x64
		{21EA00DC-FCBA-430B-9F05-7971785AA17A}.Debug|x64.ActiveCfg = Debug|x64
		{21EA00DC-FCBA-430B-9F05-7971785AA17A}.Debug|x64.Build.0 = Debug|x64
		{21EA00DC-FCBA-430B-9F05-7971785AA17A}.Release|x64.ActiveCfg = Release|x64
		{21EA00DC-FCBA-430B-9F05-7971785AA17A}.Release|x64.Build.0 = Release|x64
	EndGlobalSection
	GlobalSection(NestedProjects) = preSolution
		{E0B9B624-4B93-4019-9CD5-9E7490395877} = {9AA040B7-10D7-4E6B-9B49-DA0869523EA0}
		{A8CD0F12-27DF-4B8D-BD81-BABAA417967E} = {9AA040B7-10D7-4E6B-9B49-DA0869523EA0}
		{BDD3F2CE-E047-4405-BB3C-311D3339ECCD} = {9AA040B7-10D7-4E6B-9B49-DA0869523EA0}
		{E0151314-59F0-44DF-AC9A-0BCD4F39E927} = {9AA040B7-10D7-4E6B-9B49-DA0869523EA0}
		{F7EA181F-C665-4CCB-8E67-EAB562EAE890} = {9AA040B7-10D7-4E6B-9B49-DA0869523EA0}
		{95E0C342-AD24-4236-BCB5-2C0353A29569} = {9AA040B7-10D7-4E6B-9B49-DA0869523EA0}
		{15EB3430-45CC-477F-81D0-C879F8D34CC4} = {9AA040B7-10D7-4E6B-9B49-DA0869523EA0}
		{C896F688-70B8-4BC2-AFA3-B3A89BE2A9DC} = {9AA040B7-10D7-4E6B-9B49-DA0869523EA0}
		{97D8B80E-388B-4C29-A3BF-206C606740FC} = {9AA040B7-10D7-4E6B-9B49-DA0869523EA0}
		{CFC039BE-BF25-458B-84E3-696917E04C09} = {9AA040B7-10D7-4E6B-9B49-DA0869523EA0}
		{1477C420-F8DD-4625-9D2A-26C231B12D95} = {67ACD428-8A28-49C0-A687-4EDF5E519A68}
		{6A9F7B34-B943-40E6-BC2F-C284B62269D2} = {9AA040B7-10D7-4E6B-9B49-DA0869523EA0}
		{922BF378-B653-4D44-AAC0-BA3DC2C2CA62} = {EF195C3D-31AB-4183-828D-860595BFAD25}
		{C3DC87F8-A92C-429E-9C01-75601E87CE58} = {EF195C3D-31AB-4183-828D-860595BFAD25}
		{6B5CC22B-2D03-44AB-98EE-0B91FEBA6E1D} = {EF195C3D-31AB-4183-828D-860595BFAD25}
		{07EE5152-059B-459C-B0BB-6449211BF8BF} = {EF195C3D-31AB-4183-828D-860595BFAD25}
		{49FA2A9B-6089-4980-80FB-7E1DB9B12868} = {9AA040B7-10D7-4E6B-9B49-DA0869523EA0}
		{4FA25BCE-89B7-4913-A447-2040DC28B88A} = {49FA2A9B-6089-4980-80FB-7E1DB9B12868}
		{CD830937-8072-4077-B081-1B9622079060} = {49FA2A9B-6089-4980-80FB-7E1DB9B12868}
		{95493F69-7ABF-4691-B5DF-7C4FC3289FF0} = {49FA2A9B-6089-4980-80FB-7E1DB9B12868}
		{D46103A5-E86D-42F8-AC5E-6D6B549D82F2} = {90FCF6D8-7363-4151-B871-361B216CEF05}
		{2C3E23AB-01DA-4D14-9D2B-9024B756F592} = {9AA040B7-10D7-4E6B-9B49-DA0869523EA0}
		{FBBD320D-95B6-4552-AB4F-3FCF533B6D66} = {9AA040B7-10D7-4E6B-9B49-DA0869523EA0}
		{5C0DA144-C768-420B-B53D-C02B9185A96C} = {9AA040B7-10D7-4E6B-9B49-DA0869523EA0}
		{042BC9FC-5237-4C89-8EED-54CE9592C6E2} = {90FCF6D8-7363-4151-B871-361B216CEF05}
		{912A1F90-C466-4431-924D-9B3DEDA1F66D} = {9AA040B7-10D7-4E6B-9B49-DA0869523EA0}
		{092EEB7C-A3CC-4A9A-8A79-F2F1150D77AB} = {90FCF6D8-7363-4151-B871-361B216CEF05}
		{C21B1913-BF54-4D05-AE6B-817FA1A9FC07} = {9AA040B7-10D7-4E6B-9B49-DA0869523EA0}
		{0ED557C6-8E88-452F-B217-50A2D9512953} = {9AA040B7-10D7-4E6B-9B49-DA0869523EA0}
		{38BF4DEC-77DF-4653-847C-F861432D8168} = {9AA040B7-10D7-4E6B-9B49-DA0869523EA0}
		{3E28BA97-AE3F-458C-A6AC-7622ABB0AA94} = {EF195C3D-31AB-4183-828D-860595BFAD25}
		{21EA00DC-FCBA-430B-9F05-7971785AA17A} = {67ACD428-8A28-49C0-A687-4EDF5E519A68}
	EndGlobalSection
EndGlobal
